
Microsoft Visual Studio Solution File, Format Version 12.00
# Visual Studio Version 17
VisualStudioVersion = 17.6.33723.286
MinimumVisualStudioVersion = 10.0.40219.1
Project("{9A19103F-16F7-4668-BE54-9A1E7A4F7556}") = "HomeworkSecondClassBasic", "ConsoleApp1\HomeworkSecondClassBasic.csproj", "{F9015ED2-8C11-4775-82CE-B71CE0E94BA5}"
EndProject
Project("{FAE04EC0-301F-11D3-BF4B-00C04F79EFBC}") = "HomeworkThirdClassBasic", "HomeworkThirdClassBasic\HomeworkThirdClassBasic.csproj", "{5BC4AACD-08ED-4A00-8E62-97C5E8FBCB41}"
EndProject
Global
	GlobalSection(SolutionConfigurationPlatforms) = preSolution
		Debug|Any CPU = Debug|Any CPU
		Release|Any CPU = Release|Any CPU
	EndGlobalSection
	GlobalSection(ProjectConfigurationPlatforms) = postSolution
		{F9015ED2-8C11-4775-82CE-B71CE0E94BA5}.Debug|Any CPU.ActiveCfg = Debug|Any CPU
		{F9015ED2-8C11-4775-82CE-B71CE0E94BA5}.Debug|Any CPU.Build.0 = Debug|Any CPU
		{F9015ED2-8C11-4775-82CE-B71CE0E94BA5}.Release|Any CPU.ActiveCfg = Release|Any CPU
		{F9015ED2-8C11-4775-82CE-B71CE0E94BA5}.Release|Any CPU.Build.0 = Release|Any CPU
		{5BC4AACD-08ED-4A00-8E62-97C5E8FBCB41}.Debug|Any CPU.ActiveCfg = Debug|Any CPU
		{5BC4AACD-08ED-4A00-8E62-97C5E8FBCB41}.Debug|Any CPU.Build.0 = Debug|Any CPU
		{5BC4AACD-08ED-4A00-8E62-97C5E8FBCB41}.Release|Any CPU.ActiveCfg = Release|Any CPU
		{5BC4AACD-08ED-4A00-8E62-97C5E8FBCB41}.Release|Any CPU.Build.0 = Release|Any CPU
	EndGlobalSection
	GlobalSection(SolutionProperties) = preSolution
		HideSolutionNode = FALSE
	EndGlobalSection
	GlobalSection(ExtensibilityGlobals) = postSolution
		SolutionGuid = {132EE39B-C29E-4DAF-BA6F-76811B8ABF57}
	EndGlobalSection
EndGlobal
